// !$*UTF8*$!
{
	archiveVersion = 1;
	classes = {
	};
	objectVersion = 50;
	objects = {

/* Begin PBXBuildFile section */
		F9E97D6D264A457500D0BAEA /* AppDelegate.swift in Sources */ = {isa = PBXBuildFile; fileRef = F9E97D6C264A457500D0BAEA /* AppDelegate.swift */; };
		F9E97D6F264A457500D0BAEA /* SceneDelegate.swift in Sources */ = {isa = PBXBuildFile; fileRef = F9E97D6E264A457500D0BAEA /* SceneDelegate.swift */; };
		F9E97D71264A457500D0BAEA /* MapViewController.swift in Sources */ = {isa = PBXBuildFile; fileRef = F9E97D70264A457500D0BAEA /* MapViewController.swift */; };
		F9E97D74264A457500D0BAEA /* Main.storyboard in Resources */ = {isa = PBXBuildFile; fileRef = F9E97D72264A457500D0BAEA /* Main.storyboard */; };
		F9E97D76264A457900D0BAEA /* Assets.xcassets in Resources */ = {isa = PBXBuildFile; fileRef = F9E97D75264A457900D0BAEA /* Assets.xcassets */; };
		F9E97D79264A457900D0BAEA /* LaunchScreen.storyboard in Resources */ = {isa = PBXBuildFile; fileRef = F9E97D77264A457900D0BAEA /* LaunchScreen.storyboard */; };
		F9E97D85264A570800D0BAEA /* RoundButton.swift in Sources */ = {isa = PBXBuildFile; fileRef = F9E97D84264A570800D0BAEA /* RoundButton.swift */; };
		F9E97D87264A69E400D0BAEA /* DistancePoints.swift in Sources */ = {isa = PBXBuildFile; fileRef = F9E97D86264A69E400D0BAEA /* DistancePoints.swift */; };
		F9E97D89264A6AC100D0BAEA /* LocationService.swift in Sources */ = {isa = PBXBuildFile; fileRef = F9E97D88264A6AC100D0BAEA /* LocationService.swift */; };
/* End PBXBuildFile section */

/* Begin PBXFileReference section */
		F9E97D69264A457500D0BAEA /* Running App.app */ = {isa = PBXFileReference; explicitFileType = wrapper.application; includeInIndex = 0; path = "Running App.app"; sourceTree = BUILT_PRODUCTS_DIR; };
		F9E97D6C264A457500D0BAEA /* AppDelegate.swift */ = {isa = PBXFileReference; lastKnownFileType = sourcecode.swift; path = AppDelegate.swift; sourceTree = "<group>"; };
		F9E97D6E264A457500D0BAEA /* SceneDelegate.swift */ = {isa = PBXFileReference; lastKnownFileType = sourcecode.swift; path = SceneDelegate.swift; sourceTree = "<group>"; };
		F9E97D70264A457500D0BAEA /* MapViewController.swift */ = {isa = PBXFileReference; lastKnownFileType = sourcecode.swift; path = MapViewController.swift; sourceTree = "<group>"; };
		F9E97D73264A457500D0BAEA /* Base */ = {isa = PBXFileReference; lastKnownFileType = file.storyboard; name = Base; path = Base.lproj/Main.storyboard; sourceTree = "<group>"; };
		F9E97D75264A457900D0BAEA /* Assets.xcassets */ = {isa = PBXFileReference; lastKnownFileType = folder.assetcatalog; path = Assets.xcassets; sourceTree = "<group>"; };
		F9E97D78264A457900D0BAEA /* Base */ = {isa = PBXFileReference; lastKnownFileType = file.storyboard; name = Base; path = Base.lproj/LaunchScreen.storyboard; sourceTree = "<group>"; };
		F9E97D7A264A457900D0BAEA /* Info.plist */ = {isa = PBXFileReference; lastKnownFileType = text.plist.xml; path = Info.plist; sourceTree = "<group>"; };
		F9E97D84264A570800D0BAEA /* RoundButton.swift */ = {isa = PBXFileReference; lastKnownFileType = sourcecode.swift; path = RoundButton.swift; sourceTree = "<group>"; };
		F9E97D86264A69E400D0BAEA /* DistancePoints.swift */ = {isa = PBXFileReference; lastKnownFileType = sourcecode.swift; path = DistancePoints.swift; sourceTree = "<group>"; };
		F9E97D88264A6AC100D0BAEA /* LocationService.swift */ = {isa = PBXFileReference; lastKnownFileType = sourcecode.swift; path = LocationService.swift; sourceTree = "<group>"; };
/* End PBXFileReference section */

/* Begin PBXFrameworksBuildPhase section */
		F9E97D66264A457500D0BAEA /* Frameworks */ = {
			isa = PBXFrameworksBuildPhase;
			buildActionMask = 2147483647;
			files = (
			);
			runOnlyForDeploymentPostprocessing = 0;
		};
/* End PBXFrameworksBuildPhase section */

/* Begin PBXGroup section */
		F9E97D60264A457500D0BAEA = {
			isa = PBXGroup;
			children = (
				F9E97D6B264A457500D0BAEA /* Running App */,
				F9E97D6A264A457500D0BAEA /* Products */,
			);
			sourceTree = "<group>";
		};
		F9E97D6A264A457500D0BAEA /* Products */ = {
			isa = PBXGroup;
			children = (
				F9E97D69264A457500D0BAEA /* Running App.app */,
			);
			name = Products;
			sourceTree = "<group>";
		};
		F9E97D6B264A457500D0BAEA /* Running App */ = {
			isa = PBXGroup;
			children = (
				F9E97D83264A458800D0BAEA /* Services */,
				F9E97D82264A458500D0BAEA /* Model */,
				F9E97D81264A458300D0BAEA /* View */,
				F9E97D80264A458000D0BAEA /* Controller */,
				F9E97D6C264A457500D0BAEA /* AppDelegate.swift */,
				F9E97D6E264A457500D0BAEA /* SceneDelegate.swift */,
				F9E97D72264A457500D0BAEA /* Main.storyboard */,
				F9E97D75264A457900D0BAEA /* Assets.xcassets */,
				F9E97D77264A457900D0BAEA /* LaunchScreen.storyboard */,
				F9E97D7A264A457900D0BAEA /* Info.plist */,
			);
			path = "Running App";
			sourceTree = "<group>";
		};
		F9E97D80264A458000D0BAEA /* Controller */ = {
			isa = PBXGroup;
			children = (
				F9E97D70264A457500D0BAEA /* MapViewController.swift */,
			);
			path = Controller;
			sourceTree = "<group>";
		};
		F9E97D81264A458300D0BAEA /* View */ = {
			isa = PBXGroup;
			children = (
				F9E97D84264A570800D0BAEA /* RoundButton.swift */,
			);
			path = View;
			sourceTree = "<group>";
		};
		F9E97D82264A458500D0BAEA /* Model */ = {
			isa = PBXGroup;
			children = (
				F9E97D86264A69E400D0BAEA /* DistancePoints.swift */,
			);
			path = Model;
			sourceTree = "<group>";
		};
		F9E97D83264A458800D0BAEA /* Services */ = {
			isa = PBXGroup;
			children = (
				F9E97D88264A6AC100D0BAEA /* LocationService.swift */,
			);
			path = Services;
			sourceTree = "<group>";
		};
/* End PBXGroup section */

/* Begin PBXNativeTarget section */
		F9E97D68264A457500D0BAEA /* Running App */ = {
			isa = PBXNativeTarget;
			buildConfigurationList = F9E97D7D264A457900D0BAEA /* Build configuration list for PBXNativeTarget "Running App" */;
			buildPhases = (
				F9E97D65264A457500D0BAEA /* Sources */,
				F9E97D66264A457500D0BAEA /* Frameworks */,
				F9E97D67264A457500D0BAEA /* Resources */,
			);
			buildRules = (
			);
			dependencies = (
			);
			name = "Running App";
			productName = "Running App";
			productReference = F9E97D69264A457500D0BAEA /* Running App.app */;
			productType = "com.apple.product-type.application";
		};
/* End PBXNativeTarget section */

/* Begin PBXProject section */
		F9E97D61264A457500D0BAEA /* Project object */ = {
			isa = PBXProject;
			attributes = {
				LastSwiftUpdateCheck = 1250;
				LastUpgradeCheck = 1250;
				TargetAttributes = {
					F9E97D68264A457500D0BAEA = {
						CreatedOnToolsVersion = 12.5;
					};
				};
			};
			buildConfigurationList = F9E97D64264A457500D0BAEA /* Build configuration list for PBXProject "Running App" */;
			compatibilityVersion = "Xcode 9.3";
			developmentRegion = en;
			hasScannedForEncodings = 0;
			knownRegions = (
				en,
				Base,
			);
			mainGroup = F9E97D60264A457500D0BAEA;
			productRefGroup = F9E97D6A264A457500D0BAEA /* Products */;
			projectDirPath = "";
			projectRoot = "";
			targets = (
				F9E97D68264A457500D0BAEA /* Running App */,
			);
		};
/* End PBXProject section */

/* Begin PBXResourcesBuildPhase section */
		F9E97D67264A457500D0BAEA /* Resources */ = {
			isa = PBXResourcesBuildPhase;
			buildActionMask = 2147483647;
			files = (
				F9E97D79264A457900D0BAEA /* LaunchScreen.storyboard in Resources */,
				F9E97D76264A457900D0BAEA /* Assets.xcassets in Resources */,
				F9E97D74264A457500D0BAEA /* Main.storyboard in Resources */,
			);
			runOnlyForDeploymentPostprocessing = 0;
		};
/* End PBXResourcesBuildPhase section */

/* Begin PBXSourcesBuildPhase section */
		F9E97D65264A457500D0BAEA /* Sources */ = {
			isa = PBXSourcesBuildPhase;
			buildActionMask = 2147483647;
			files = (
				F9E97D85264A570800D0BAEA /* RoundButton.swift in Sources */,
				F9E97D71264A457500D0BAEA /* MapViewController.swift in Sources */,
				F9E97D87264A69E400D0BAEA /* DistancePoints.swift in Sources */,
				F9E97D6D264A457500D0BAEA /* AppDelegate.swift in Sources */,
				F9E97D89264A6AC100D0BAEA /* LocationService.swift in Sources */,
				F9E97D6F264A457500D0BAEA /* SceneDelegate.swift in Sources */,
			);
			runOnlyForDeploymentPostprocessing = 0;
		};
/* End PBXSourcesBuildPhase section */

/* Begin PBXVariantGroup section */
		F9E97D72264A457500D0BAEA /* Main.storyboard */ = {
			isa = PBXVariantGroup;
			children = (
				F9E97D73264A457500D0BAEA /* Base */,
			);
			name = Main.storyboard;
			sourceTree = "<group>";
		};
		F9E97D77264A457900D0BAEA /* LaunchScreen.storyboard */ = {
			isa = PBXVariantGroup;
			children = (
				F9E97D78264A457900D0BAEA /* Base */,
			);
			name = LaunchScreen.storyboard;
			sourceTree = "<group>";
		};
/* End PBXVariantGroup section */

/* Begin XCBuildConfiguration section */
		F9E97D7B264A457900D0BAEA /* Debug */ = {
			isa = XCBuildConfiguration;
			buildSettings = {
				ALWAYS_SEARCH_USER_PATHS = NO;
				CLANG_ANALYZER_NONNULL = YES;
				CLANG_ANALYZER_NUMBER_OBJECT_CONVERSION = YES_AGGRESSIVE;
				CLANG_CXX_LANGUAGE_STANDARD = "gnu++14";
				CLANG_CXX_LIBRARY = "libc++";
				CLANG_ENABLE_MODULES = YES;
				CLANG_ENABLE_OBJC_ARC = YES;
				CLANG_ENABLE_OBJC_WEAK = YES;
				CLANG_WARN_BLOCK_CAPTURE_AUTORELEASING = YES;
				CLANG_WARN_BOOL_CONVERSION = YES;
				CLANG_WARN_COMMA = YES;
				CLANG_WARN_CONSTANT_CONVERSION = YES;
				CLANG_WARN_DEPRECATED_OBJC_IMPLEMENTATIONS = YES;
				CLANG_WARN_DIRECT_OBJC_ISA_USAGE = YES_ERROR;
				CLANG_WARN_DOCUMENTATION_COMMENTS = YES;
				CLANG_WARN_EMPTY_BODY = YES;
				CLANG_WARN_ENUM_CONVERSION = YES;
				CLANG_WARN_INFINITE_RECURSION = YES;
				CLANG_WARN_INT_CONVERSION = YES;
				CLANG_WARN_NON_LITERAL_NULL_CONVERSION = YES;
				CLANG_WARN_OBJC_IMPLICIT_RETAIN_SELF = YES;
				CLANG_WARN_OBJC_LITERAL_CONVERSION = YES;
				CLANG_WARN_OBJC_ROOT_CLASS = YES_ERROR;
				CLANG_WARN_QUOTED_INCLUDE_IN_FRAMEWORK_HEADER = YES;
				CLANG_WARN_RANGE_LOOP_ANALYSIS = YES;
				CLANG_WARN_STRICT_PROTOTYPES = YES;
				CLANG_WARN_SUSPICIOUS_MOVE = YES;
				CLANG_WARN_UNGUARDED_AVAILABILITY = YES_AGGRESSIVE;
				CLANG_WARN_UNREACHABLE_CODE = YES;
				CLANG_WARN__DUPLICATE_METHOD_MATCH = YES;
				COPY_PHASE_STRIP = NO;
				DEBUG_INFORMATION_FORMAT = dwarf;
				ENABLE_STRICT_OBJC_MSGSEND = YES;
				ENABLE_TESTABILITY = YES;
				GCC_C_LANGUAGE_STANDARD = gnu11;
				GCC_DYNAMIC_NO_PIC = NO;
				GCC_NO_COMMON_BLOCKS = YES;
				GCC_OPTIMIZATION_LEVEL = 0;
				GCC_PREPROCESSOR_DEFINITIONS = (
					"DEBUG=1",
					"$(inherited)",
				);
				GCC_WARN_64_TO_32_BIT_CONVERSION = YES;
				GCC_WARN_ABOUT_RETURN_TYPE = YES_ERROR;
				GCC_WARN_UNDECLARED_SELECTOR = YES;
				GCC_WARN_UNINITIALIZED_AUTOS = YES_AGGRESSIVE;
				GCC_WARN_UNUSED_FUNCTION = YES;
				GCC_WARN_UNUSED_VARIABLE = YES;
				IPHONEOS_DEPLOYMENT_TARGET = 14.5;
				MTL_ENABLE_DEBUG_INFO = INCLUDE_SOURCE;
				MTL_FAST_MATH = YES;
				ONLY_ACTIVE_ARCH = YES;
				SDKROOT = iphoneos;
				SWIFT_ACTIVE_COMPILATION_CONDITIONS = DEBUG;
				SWIFT_OPTIMIZATION_LEVEL = "-Onone";
			};
			name = Debug;
		};
		F9E97D7C264A457900D0BAEA /* Release */ = {
			isa = XCBuildConfiguration;
			buildSettings = {
				ALWAYS_SEARCH_USER_PATHS = NO;
				CLANG_ANALYZER_NONNULL = YES;
				CLANG_ANALYZER_NUMBER_OBJECT_CONVERSION = YES_AGGRESSIVE;
				CLANG_CXX_LANGUAGE_STANDARD = "gnu++14";
				CLANG_CXX_LIBRARY = "libc++";
				CLANG_ENABLE_MODULES = YES;
				CLANG_ENABLE_OBJC_ARC = YES;
				CLANG_ENABLE_OBJC_WEAK = YES;
				CLANG_WARN_BLOCK_CAPTURE_AUTORELEASING = YES;
				CLANG_WARN_BOOL_CONVERSION = YES;
				CLANG_WARN_COMMA = YES;
				CLANG_WARN_CONSTANT_CONVERSION = YES;
				CLANG_WARN_DEPRECATED_OBJC_IMPLEMENTATIONS = YES;
				CLANG_WARN_DIRECT_OBJC_ISA_USAGE = YES_ERROR;
				CLANG_WARN_DOCUMENTATION_COMMENTS = YES;
				CLANG_WARN_EMPTY_BODY = YES;
				CLANG_WARN_ENUM_CONVERSION = YES;
				CLANG_WARN_INFINITE_RECURSION = YES;
				CLANG_WARN_INT_CONVERSION = YES;
				CLANG_WARN_NON_LITERAL_NULL_CONVERSION = YES;
				CLANG_WARN_OBJC_IMPLICIT_RETAIN_SELF = YES;
				CLANG_WARN_OBJC_LITERAL_CONVERSION = YES;
				CLANG_WARN_OBJC_ROOT_CLASS = YES_ERROR;
				CLANG_WARN_QUOTED_INCLUDE_IN_FRAMEWORK_HEADER = YES;
				CLANG_WARN_RANGE_LOOP_ANALYSIS = YES;
				CLANG_WARN_STRICT_PROTOTYPES = YES;
				CLANG_WARN_SUSPICIOUS_MOVE = YES;
				CLANG_WARN_UNGUARDED_AVAILABILITY = YES_AGGRESSIVE;
				CLANG_WARN_UNREACHABLE_CODE = YES;
				CLANG_WARN__DUPLICATE_METHOD_MATCH = YES;
				COPY_PHASE_STRIP = NO;
				DEBUG_INFORMATION_FORMAT = "dwarf-with-dsym";
				ENABLE_NS_ASSERTIONS = NO;
				ENABLE_STRICT_OBJC_MSGSEND = YES;
				GCC_C_LANGUAGE_STANDARD = gnu11;
				GCC_NO_COMMON_BLOCKS = YES;
				GCC_WARN_64_TO_32_BIT_CONVERSION = YES;
				GCC_WARN_ABOUT_RETURN_TYPE = YES_ERROR;
				GCC_WARN_UNDECLARED_SELECTOR = YES;
				GCC_WARN_UNINITIALIZED_AUTOS = YES_AGGRESSIVE;
				GCC_WARN_UNUSED_FUNCTION = YES;
				GCC_WARN_UNUSED_VARIABLE = YES;
				IPHONEOS_DEPLOYMENT_TARGET = 14.5;
				MTL_ENABLE_DEBUG_INFO = NO;
				MTL_FAST_MATH = YES;
				SDKROOT = iphoneos;
				SWIFT_COMPILATION_MODE = wholemodule;
				SWIFT_OPTIMIZATION_LEVEL = "-O";
				VALIDATE_PRODUCT = YES;
			};
			name = Release;
		};
		F9E97D7E264A457900D0BAEA /* Debug */ = {
			isa = XCBuildConfiguration;
			buildSettings = {
				ASSETCATALOG_COMPILER_APPICON_NAME = AppIcon;
				ASSETCATALOG_COMPILER_GLOBAL_ACCENT_COLOR_NAME = AccentColor;
				CODE_SIGN_STYLE = Automatic;
				DEVELOPMENT_TEAM = 4QQYZY6S3P;
				INFOPLIST_FILE = "Running App/Info.plist";
				IPHONEOS_DEPLOYMENT_TARGET = 13.0;
				LD_RUNPATH_SEARCH_PATHS = (
					"$(inherited)",
					"@executable_path/Frameworks",
				);
				PRODUCT_BUNDLE_IDENTIFIER = "com.rohitjangid.Running-App";
				PRODUCT_NAME = "$(TARGET_NAME)";
				SWIFT_VERSION = 5.0;
				TARGETED_DEVICE_FAMILY = "1,2";
			};
			name = Debug;
		};
		F9E97D7F264A457900D0BAEA /* Release */ = {
			isa = XCBuildConfiguration;
			buildSettings = {
				ASSETCATALOG_COMPILER_APPICON_NAME = AppIcon;
				ASSETCATALOG_COMPILER_GLOBAL_ACCENT_COLOR_NAME = AccentColor;
				CODE_SIGN_STYLE = Automatic;
				DEVELOPMENT_TEAM = 4QQYZY6S3P;
				INFOPLIST_FILE = "Running App/Info.plist";
				IPHONEOS_DEPLOYMENT_TARGET = 13.0;
				LD_RUNPATH_SEARCH_PATHS = (
					"$(inherited)",
					"@executable_path/Frameworks",
				);
				PRODUCT_BUNDLE_IDENTIFIER = "com.rohitjangid.Running-App";
				PRODUCT_NAME = "$(TARGET_NAME)";
				SWIFT_VERSION = 5.0;
				TARGETED_DEVICE_FAMILY = "1,2";
			};
			name = Release;
		};
/* End XCBuildConfiguration section */

/* Begin XCConfigurationList section */
		F9E97D64264A457500D0BAEA /* Build configuration list for PBXProject "Running App" */ = {
			isa = XCConfigurationList;
			buildConfigurations = (
				F9E97D7B264A457900D0BAEA /* Debug */,
				F9E97D7C264A457900D0BAEA /* Release */,
			);
			defaultConfigurationIsVisible = 0;
			defaultConfigurationName = Release;
		};
		F9E97D7D264A457900D0BAEA /* Build configuration list for PBXNativeTarget "Running App" */ = {
			isa = XCConfigurationList;
			buildConfigurations = (
				F9E97D7E264A457900D0BAEA /* Debug */,
				F9E97D7F264A457900D0BAEA /* Release */,
			);
			defaultConfigurationIsVisible = 0;
			defaultConfigurationName = Release;
		};
/* End XCConfigurationList section */
	};
	rootObject = F9E97D61264A457500D0BAEA /* Project object */;
}
